{
  "version": 4,
  "terraform_version": "0.12.21",
  "serial": 1,
  "lineage": "38f94c23-eb54-ec2a-886c-7ee1c0b0c9ff",
  "outputs": {},
  "resources": [
    {
      "mode": "managed",
      "type": "local_file",
      "name": "foo",
      "provider": "provider.local",
      "instances": [
        {
          "schema_version": 0,
          "attributes": {
            "content": "foo!",
            "content_base64": null,
            "directory_permission": "0777",
            "file_permission": "0777",
            "filename": "./foo.bar",
            "id": "4bf3e335199107182c6f7638efaad377acc7f452",
            "sensitive_content": null
          },
          "private": "bnVsbA=="
        }
      ]
    }
  ]
}
